// !$*UTF8*$!
{
	archiveVersion = 1;
	classes = {
	};
	objectVersion = 48;
	objects = {

/* Begin PBXBuildFile section */
		1AEAFE81FC83B71C7950422B /* Pods_InstagramUITests.framework in Frameworks */ = {isa = PBXBuildFile; fileRef = 71DC6512C92958C76E660424 /* Pods_InstagramUITests.framework */; };
		36F3017BA8F80F6A167F49F9 /* Pods_InstagramTests.framework in Frameworks */ = {isa = PBXBuildFile; fileRef = 39ED09103640406B2C4DE852 /* Pods_InstagramTests.framework */; };
		ACF8DD9E6A102E468994AD3B /* Pods_Instagram.framework in Frameworks */ = {isa = PBXBuildFile; fileRef = 7A0CCBF36809471F0BA98774 /* Pods_Instagram.framework */; };
		F323C0AA218A4F5900B2D936 /* AppDelegate.swift in Sources */ = {isa = PBXBuildFile; fileRef = F323C0A9218A4F5900B2D936 /* AppDelegate.swift */; };
		F323C0AF218A4F5900B2D936 /* Main.storyboard in Resources */ = {isa = PBXBuildFile; fileRef = F323C0AD218A4F5900B2D936 /* Main.storyboard */; };
		F323C0B1218A4F5900B2D936 /* Assets.xcassets in Resources */ = {isa = PBXBuildFile; fileRef = F323C0B0218A4F5900B2D936 /* Assets.xcassets */; };
		F323C0B4218A4F5900B2D936 /* LaunchScreen.storyboard in Resources */ = {isa = PBXBuildFile; fileRef = F323C0B2218A4F5900B2D936 /* LaunchScreen.storyboard */; };
		F323C0BF218A4F6000B2D936 /* InstagramTests.swift in Sources */ = {isa = PBXBuildFile; fileRef = F323C0BE218A4F6000B2D936 /* InstagramTests.swift */; };
		F323C0CA218A4F6000B2D936 /* InstagramUITests.swift in Sources */ = {isa = PBXBuildFile; fileRef = F323C0C9218A4F6000B2D936 /* InstagramUITests.swift */; };
		F33EEFA721A5BD6000C0AB7F /* HomeViewController.swift in Sources */ = {isa = PBXBuildFile; fileRef = F33EEFA621A5BD6000C0AB7F /* HomeViewController.swift */; };
		F3741B03218B655500FAAE4E /* LoginViewController.swift in Sources */ = {isa = PBXBuildFile; fileRef = F3741B02218B655500FAAE4E /* LoginViewController.swift */; };
		F3741B0F218DE23400FAAE4E /* IGViewController.swift in Sources */ = {isa = PBXBuildFile; fileRef = F3741B0E218DE23400FAAE4E /* IGViewController.swift */; };
		F3E5D5AC2194F57B00528B6F /* Post.swift in Sources */ = {isa = PBXBuildFile; fileRef = F3E5D5AB2194F57B00528B6F /* Post.swift */; };
		F3E5D5AF219B7D2800528B6F /* PostTableViewCell.swift in Sources */ = {isa = PBXBuildFile; fileRef = F3E5D5AE219B7D2800528B6F /* PostTableViewCell.swift */; };
/* End PBXBuildFile section */

/* Begin PBXContainerItemProxy section */
		F323C0BB218A4F6000B2D936 /* PBXContainerItemProxy */ = {
			isa = PBXContainerItemProxy;
			containerPortal = F323C09E218A4F5900B2D936 /* Project object */;
			proxyType = 1;
			remoteGlobalIDString = F323C0A5218A4F5900B2D936;
			remoteInfo = Instagram;
		};
		F323C0C6218A4F6000B2D936 /* PBXContainerItemProxy */ = {
			isa = PBXContainerItemProxy;
			containerPortal = F323C09E218A4F5900B2D936 /* Project object */;
			proxyType = 1;
			remoteGlobalIDString = F323C0A5218A4F5900B2D936;
			remoteInfo = Instagram;
		};
/* End PBXContainerItemProxy section */

/* Begin PBXFileReference section */
		39ED09103640406B2C4DE852 /* Pods_InstagramTests.framework */ = {isa = PBXFileReference; explicitFileType = wrapper.framework; includeInIndex = 0; path = Pods_InstagramTests.framework; sourceTree = BUILT_PRODUCTS_DIR; };
		40AC43EA6DDDF5DC8504B12E /* Pods-InstagramUITests.release.xcconfig */ = {isa = PBXFileReference; includeInIndex = 1; lastKnownFileType = text.xcconfig; name = "Pods-InstagramUITests.release.xcconfig"; path = "Pods/Target Support Files/Pods-InstagramUITests/Pods-InstagramUITests.release.xcconfig"; sourceTree = "<group>"; };
		47BAD7A5F4678F2B393DEEE9 /* Pods-InstagramTests.debug.xcconfig */ = {isa = PBXFileReference; includeInIndex = 1; lastKnownFileType = text.xcconfig; name = "Pods-InstagramTests.debug.xcconfig"; path = "Pods/Target Support Files/Pods-InstagramTests/Pods-InstagramTests.debug.xcconfig"; sourceTree = "<group>"; };
		495B6D5D81CC26B5A9DD7893 /* Pods-Instagram.release.xcconfig */ = {isa = PBXFileReference; includeInIndex = 1; lastKnownFileType = text.xcconfig; name = "Pods-Instagram.release.xcconfig"; path = "Pods/Target Support Files/Pods-Instagram/Pods-Instagram.release.xcconfig"; sourceTree = "<group>"; };
		6E5FAC8F46B2B8198EC91368 /* Pods-Instagram.debug.xcconfig */ = {isa = PBXFileReference; includeInIndex = 1; lastKnownFileType = text.xcconfig; name = "Pods-Instagram.debug.xcconfig"; path = "Pods/Target Support Files/Pods-Instagram/Pods-Instagram.debug.xcconfig"; sourceTree = "<group>"; };
		71DC6512C92958C76E660424 /* Pods_InstagramUITests.framework */ = {isa = PBXFileReference; explicitFileType = wrapper.framework; includeInIndex = 0; path = Pods_InstagramUITests.framework; sourceTree = BUILT_PRODUCTS_DIR; };
		7A0CCBF36809471F0BA98774 /* Pods_Instagram.framework */ = {isa = PBXFileReference; explicitFileType = wrapper.framework; includeInIndex = 0; path = Pods_Instagram.framework; sourceTree = BUILT_PRODUCTS_DIR; };
		B473208811543EF32609E4FC /* Pods-InstagramUITests.debug.xcconfig */ = {isa = PBXFileReference; includeInIndex = 1; lastKnownFileType = text.xcconfig; name = "Pods-InstagramUITests.debug.xcconfig"; path = "Pods/Target Support Files/Pods-InstagramUITests/Pods-InstagramUITests.debug.xcconfig"; sourceTree = "<group>"; };
		C3A09B30861CE14552A8896C /* Pods-InstagramTests.release.xcconfig */ = {isa = PBXFileReference; includeInIndex = 1; lastKnownFileType = text.xcconfig; name = "Pods-InstagramTests.release.xcconfig"; path = "Pods/Target Support Files/Pods-InstagramTests/Pods-InstagramTests.release.xcconfig"; sourceTree = "<group>"; };
		F323C0A6218A4F5900B2D936 /* Instagram.app */ = {isa = PBXFileReference; explicitFileType = wrapper.application; includeInIndex = 0; path = Instagram.app; sourceTree = BUILT_PRODUCTS_DIR; };
		F323C0A9218A4F5900B2D936 /* AppDelegate.swift */ = {isa = PBXFileReference; lastKnownFileType = sourcecode.swift; path = AppDelegate.swift; sourceTree = "<group>"; };
		F323C0AE218A4F5900B2D936 /* Base */ = {isa = PBXFileReference; lastKnownFileType = file.storyboard; name = Base; path = Base.lproj/Main.storyboard; sourceTree = "<group>"; };
		F323C0B0218A4F5900B2D936 /* Assets.xcassets */ = {isa = PBXFileReference; lastKnownFileType = folder.assetcatalog; path = Assets.xcassets; sourceTree = "<group>"; };
		F323C0B3218A4F5900B2D936 /* Base */ = {isa = PBXFileReference; lastKnownFileType = file.storyboard; name = Base; path = Base.lproj/LaunchScreen.storyboard; sourceTree = "<group>"; };
		F323C0B5218A4F5A00B2D936 /* Info.plist */ = {isa = PBXFileReference; lastKnownFileType = text.plist.xml; path = Info.plist; sourceTree = "<group>"; };
		F323C0BA218A4F6000B2D936 /* InstagramTests.xctest */ = {isa = PBXFileReference; explicitFileType = wrapper.cfbundle; includeInIndex = 0; path = InstagramTests.xctest; sourceTree = BUILT_PRODUCTS_DIR; };
		F323C0BE218A4F6000B2D936 /* InstagramTests.swift */ = {isa = PBXFileReference; lastKnownFileType = sourcecode.swift; path = InstagramTests.swift; sourceTree = "<group>"; };
		F323C0C0218A4F6000B2D936 /* Info.plist */ = {isa = PBXFileReference; lastKnownFileType = text.plist.xml; path = Info.plist; sourceTree = "<group>"; };
		F323C0C5218A4F6000B2D936 /* InstagramUITests.xctest */ = {isa = PBXFileReference; explicitFileType = wrapper.cfbundle; includeInIndex = 0; path = InstagramUITests.xctest; sourceTree = BUILT_PRODUCTS_DIR; };
		F323C0C9218A4F6000B2D936 /* InstagramUITests.swift */ = {isa = PBXFileReference; lastKnownFileType = sourcecode.swift; path = InstagramUITests.swift; sourceTree = "<group>"; };
		F323C0CB218A4F6000B2D936 /* Info.plist */ = {isa = PBXFileReference; lastKnownFileType = text.plist.xml; path = Info.plist; sourceTree = "<group>"; };
		F33EEFA621A5BD6000C0AB7F /* HomeViewController.swift */ = {isa = PBXFileReference; lastKnownFileType = sourcecode.swift; path = HomeViewController.swift; sourceTree = "<group>"; };
		F3741B02218B655500FAAE4E /* LoginViewController.swift */ = {isa = PBXFileReference; lastKnownFileType = sourcecode.swift; path = LoginViewController.swift; sourceTree = "<group>"; };
		F3741B0E218DE23400FAAE4E /* IGViewController.swift */ = {isa = PBXFileReference; lastKnownFileType = sourcecode.swift; path = IGViewController.swift; sourceTree = "<group>"; };
		F3E5D5AB2194F57B00528B6F /* Post.swift */ = {isa = PBXFileReference; lastKnownFileType = sourcecode.swift; path = Post.swift; sourceTree = "<group>"; };
		F3E5D5AE219B7D2800528B6F /* PostTableViewCell.swift */ = {isa = PBXFileReference; lastKnownFileType = sourcecode.swift; path = PostTableViewCell.swift; sourceTree = "<group>"; };
/* End PBXFileReference section */

/* Begin PBXFrameworksBuildPhase section */
		F323C0A3218A4F5900B2D936 /* Frameworks */ = {
			isa = PBXFrameworksBuildPhase;
			buildActionMask = 2147483647;
			files = (
				ACF8DD9E6A102E468994AD3B /* Pods_Instagram.framework in Frameworks */,
			);
			runOnlyForDeploymentPostprocessing = 0;
		};
		F323C0B7218A4F6000B2D936 /* Frameworks */ = {
			isa = PBXFrameworksBuildPhase;
			buildActionMask = 2147483647;
			files = (
				36F3017BA8F80F6A167F49F9 /* Pods_InstagramTests.framework in Frameworks */,
			);
			runOnlyForDeploymentPostprocessing = 0;
		};
		F323C0C2218A4F6000B2D936 /* Frameworks */ = {
			isa = PBXFrameworksBuildPhase;
			buildActionMask = 2147483647;
			files = (
				1AEAFE81FC83B71C7950422B /* Pods_InstagramUITests.framework in Frameworks */,
			);
			runOnlyForDeploymentPostprocessing = 0;
		};
/* End PBXFrameworksBuildPhase section */

/* Begin PBXGroup section */
		50939B5ADB2AEB375774FCD1 /* Frameworks */ = {
			isa = PBXGroup;
			children = (
				7A0CCBF36809471F0BA98774 /* Pods_Instagram.framework */,
				39ED09103640406B2C4DE852 /* Pods_InstagramTests.framework */,
				71DC6512C92958C76E660424 /* Pods_InstagramUITests.framework */,
			);
			name = Frameworks;
			sourceTree = "<group>";
		};
		D35854F20F4B66ABD2554C0F /* Pods */ = {
			isa = PBXGroup;
			children = (
				6E5FAC8F46B2B8198EC91368 /* Pods-Instagram.debug.xcconfig */,
				495B6D5D81CC26B5A9DD7893 /* Pods-Instagram.release.xcconfig */,
				47BAD7A5F4678F2B393DEEE9 /* Pods-InstagramTests.debug.xcconfig */,
				C3A09B30861CE14552A8896C /* Pods-InstagramTests.release.xcconfig */,
				B473208811543EF32609E4FC /* Pods-InstagramUITests.debug.xcconfig */,
				40AC43EA6DDDF5DC8504B12E /* Pods-InstagramUITests.release.xcconfig */,
			);
			name = Pods;
			sourceTree = "<group>";
		};
		F323C09D218A4F5900B2D936 = {
			isa = PBXGroup;
			children = (
				F323C0A8218A4F5900B2D936 /* Instagram */,
				F323C0BD218A4F6000B2D936 /* InstagramTests */,
				F323C0C8218A4F6000B2D936 /* InstagramUITests */,
				F323C0A7218A4F5900B2D936 /* Products */,
				D35854F20F4B66ABD2554C0F /* Pods */,
				50939B5ADB2AEB375774FCD1 /* Frameworks */,
			);
			sourceTree = "<group>";
		};
		F323C0A7218A4F5900B2D936 /* Products */ = {
			isa = PBXGroup;
			children = (
				F323C0A6218A4F5900B2D936 /* Instagram.app */,
				F323C0BA218A4F6000B2D936 /* InstagramTests.xctest */,
				F323C0C5218A4F6000B2D936 /* InstagramUITests.xctest */,
			);
			name = Products;
			sourceTree = "<group>";
		};
		F323C0A8218A4F5900B2D936 /* Instagram */ = {
			isa = PBXGroup;
			children = (
				F3E5D5AD219B768B00528B6F /* Models */,
				F3741B0D218DE1E800FAAE4E /* Views */,
				F323C0D9218A4F9B00B2D936 /* ViewControllers */,
				F323C0A9218A4F5900B2D936 /* AppDelegate.swift */,
				F323C0AD218A4F5900B2D936 /* Main.storyboard */,
				F323C0B0218A4F5900B2D936 /* Assets.xcassets */,
				F323C0B2218A4F5900B2D936 /* LaunchScreen.storyboard */,
				F323C0B5218A4F5A00B2D936 /* Info.plist */,
			);
			path = Instagram;
			sourceTree = "<group>";
		};
		F323C0BD218A4F6000B2D936 /* InstagramTests */ = {
			isa = PBXGroup;
			children = (
				F323C0BE218A4F6000B2D936 /* InstagramTests.swift */,
				F323C0C0218A4F6000B2D936 /* Info.plist */,
			);
			path = InstagramTests;
			sourceTree = "<group>";
		};
		F323C0C8218A4F6000B2D936 /* InstagramUITests */ = {
			isa = PBXGroup;
			children = (
				F323C0C9218A4F6000B2D936 /* InstagramUITests.swift */,
				F323C0CB218A4F6000B2D936 /* Info.plist */,
			);
			path = InstagramUITests;
			sourceTree = "<group>";
		};
		F323C0D9218A4F9B00B2D936 /* ViewControllers */ = {
			isa = PBXGroup;
			children = (
				F3741B02218B655500FAAE4E /* LoginViewController.swift */,
				F3741B0E218DE23400FAAE4E /* IGViewController.swift */,
				F33EEFA621A5BD6000C0AB7F /* HomeViewController.swift */,
			);
			path = ViewControllers;
			sourceTree = "<group>";
		};
		F3741B0D218DE1E800FAAE4E /* Views */ = {
			isa = PBXGroup;
			children = (
				F3E5D5AE219B7D2800528B6F /* PostTableViewCell.swift */,
			);
			path = Views;
			sourceTree = "<group>";
		};
		F3E5D5AD219B768B00528B6F /* Models */ = {
			isa = PBXGroup;
			children = (
				F3E5D5AB2194F57B00528B6F /* Post.swift */,
			);
			path = Models;
			sourceTree = "<group>";
		};
/* End PBXGroup section */

/* Begin PBXNativeTarget section */
		F323C0A5218A4F5900B2D936 /* Instagram */ = {
			isa = PBXNativeTarget;
			buildConfigurationList = F323C0CE218A4F6000B2D936 /* Build configuration list for PBXNativeTarget "Instagram" */;
			buildPhases = (
				DD8EBE0D97C0AA85B6132F75 /* [CP] Check Pods Manifest.lock */,
				F323C0A2218A4F5900B2D936 /* Sources */,
				F323C0A3218A4F5900B2D936 /* Frameworks */,
				F323C0A4218A4F5900B2D936 /* Resources */,
				468EC2344B32DA6803526CF6 /* [CP] Embed Pods Frameworks */,
			);
			buildRules = (
			);
			dependencies = (
			);
			name = Instagram;
			productName = Instagram;
			productReference = F323C0A6218A4F5900B2D936 /* Instagram.app */;
			productType = "com.apple.product-type.application";
		};
		F323C0B9218A4F6000B2D936 /* InstagramTests */ = {
			isa = PBXNativeTarget;
			buildConfigurationList = F323C0D1218A4F6000B2D936 /* Build configuration list for PBXNativeTarget "InstagramTests" */;
			buildPhases = (
				3EB0112718648B85E4CC66F4 /* [CP] Check Pods Manifest.lock */,
				F323C0B6218A4F6000B2D936 /* Sources */,
				F323C0B7218A4F6000B2D936 /* Frameworks */,
				F323C0B8218A4F6000B2D936 /* Resources */,
			);
			buildRules = (
			);
			dependencies = (
				F323C0BC218A4F6000B2D936 /* PBXTargetDependency */,
			);
			name = InstagramTests;
			productName = InstagramTests;
			productReference = F323C0BA218A4F6000B2D936 /* InstagramTests.xctest */;
			productType = "com.apple.product-type.bundle.unit-test";
		};
		F323C0C4218A4F6000B2D936 /* InstagramUITests */ = {
			isa = PBXNativeTarget;
			buildConfigurationList = F323C0D4218A4F6000B2D936 /* Build configuration list for PBXNativeTarget "InstagramUITests" */;
			buildPhases = (
				2E65F01935879C83BBF49E35 /* [CP] Check Pods Manifest.lock */,
				F323C0C1218A4F6000B2D936 /* Sources */,
				F323C0C2218A4F6000B2D936 /* Frameworks */,
				F323C0C3218A4F6000B2D936 /* Resources */,
			);
			buildRules = (
			);
			dependencies = (
				F323C0C7218A4F6000B2D936 /* PBXTargetDependency */,
			);
			name = InstagramUITests;
			productName = InstagramUITests;
			productReference = F323C0C5218A4F6000B2D936 /* InstagramUITests.xctest */;
			productType = "com.apple.product-type.bundle.ui-testing";
		};
/* End PBXNativeTarget section */

/* Begin PBXProject section */
		F323C09E218A4F5900B2D936 /* Project object */ = {
			isa = PBXProject;
			attributes = {
				LastSwiftUpdateCheck = 0910;
				LastUpgradeCheck = 0910;
				ORGANIZATIONNAME = MacBookPro9;
				TargetAttributes = {
					F323C0A5218A4F5900B2D936 = {
						CreatedOnToolsVersion = 9.1;
						ProvisioningStyle = Automatic;
					};
					F323C0B9218A4F6000B2D936 = {
						CreatedOnToolsVersion = 9.1;
						ProvisioningStyle = Automatic;
						TestTargetID = F323C0A5218A4F5900B2D936;
					};
					F323C0C4218A4F6000B2D936 = {
						CreatedOnToolsVersion = 9.1;
						ProvisioningStyle = Automatic;
						TestTargetID = F323C0A5218A4F5900B2D936;
					};
				};
			};
			buildConfigurationList = F323C0A1218A4F5900B2D936 /* Build configuration list for PBXProject "Instagram" */;
			compatibilityVersion = "Xcode 8.0";
			developmentRegion = en;
			hasScannedForEncodings = 0;
			knownRegions = (
				en,
				Base,
			);
			mainGroup = F323C09D218A4F5900B2D936;
			productRefGroup = F323C0A7218A4F5900B2D936 /* Products */;
			projectDirPath = "";
			projectRoot = "";
			targets = (
				F323C0A5218A4F5900B2D936 /* Instagram */,
				F323C0B9218A4F6000B2D936 /* InstagramTests */,
				F323C0C4218A4F6000B2D936 /* InstagramUITests */,
			);
		};
/* End PBXProject section */

/* Begin PBXResourcesBuildPhase section */
		F323C0A4218A4F5900B2D936 /* Resources */ = {
			isa = PBXResourcesBuildPhase;
			buildActionMask = 2147483647;
			files = (
				F323C0B4218A4F5900B2D936 /* LaunchScreen.storyboard in Resources */,
				F323C0B1218A4F5900B2D936 /* Assets.xcassets in Resources */,
				F323C0AF218A4F5900B2D936 /* Main.storyboard in Resources */,
			);
			runOnlyForDeploymentPostprocessing = 0;
		};
		F323C0B8218A4F6000B2D936 /* Resources */ = {
			isa = PBXResourcesBuildPhase;
			buildActionMask = 2147483647;
			files = (
			);
			runOnlyForDeploymentPostprocessing = 0;
		};
		F323C0C3218A4F6000B2D936 /* Resources */ = {
			isa = PBXResourcesBuildPhase;
			buildActionMask = 2147483647;
			files = (
			);
			runOnlyForDeploymentPostprocessing = 0;
		};
/* End PBXResourcesBuildPhase section */

/* Begin PBXShellScriptBuildPhase section */
		2E65F01935879C83BBF49E35 /* [CP] Check Pods Manifest.lock */ = {
			isa = PBXShellScriptBuildPhase;
			buildActionMask = 2147483647;
			files = (
			);
			inputPaths = (
				"${PODS_PODFILE_DIR_PATH}/Podfile.lock",
				"${PODS_ROOT}/Manifest.lock",
			);
			name = "[CP] Check Pods Manifest.lock";
			outputPaths = (
				"$(DERIVED_FILE_DIR)/Pods-InstagramUITests-checkManifestLockResult.txt",
			);
			runOnlyForDeploymentPostprocessing = 0;
			shellPath = /bin/sh;
			shellScript = "diff \"${PODS_PODFILE_DIR_PATH}/Podfile.lock\" \"${PODS_ROOT}/Manifest.lock\" > /dev/null\nif [ $? != 0 ] ; then\n    # print error to STDERR\n    echo \"error: The sandbox is not in sync with the Podfile.lock. Run 'pod install' or update your CocoaPods installation.\" >&2\n    exit 1\nfi\n# This output is used by Xcode 'outputs' to avoid re-running this script phase.\necho \"SUCCESS\" > \"${SCRIPT_OUTPUT_FILE_0}\"\n";
			showEnvVarsInLog = 0;
		};
		3EB0112718648B85E4CC66F4 /* [CP] Check Pods Manifest.lock */ = {
			isa = PBXShellScriptBuildPhase;
			buildActionMask = 2147483647;
			files = (
			);
			inputPaths = (
				"${PODS_PODFILE_DIR_PATH}/Podfile.lock",
				"${PODS_ROOT}/Manifest.lock",
			);
			name = "[CP] Check Pods Manifest.lock";
			outputPaths = (
				"$(DERIVED_FILE_DIR)/Pods-InstagramTests-checkManifestLockResult.txt",
			);
			runOnlyForDeploymentPostprocessing = 0;
			shellPath = /bin/sh;
			shellScript = "diff \"${PODS_PODFILE_DIR_PATH}/Podfile.lock\" \"${PODS_ROOT}/Manifest.lock\" > /dev/null\nif [ $? != 0 ] ; then\n    # print error to STDERR\n    echo \"error: The sandbox is not in sync with the Podfile.lock. Run 'pod install' or update your CocoaPods installation.\" >&2\n    exit 1\nfi\n# This output is used by Xcode 'outputs' to avoid re-running this script phase.\necho \"SUCCESS\" > \"${SCRIPT_OUTPUT_FILE_0}\"\n";
			showEnvVarsInLog = 0;
		};
		468EC2344B32DA6803526CF6 /* [CP] Embed Pods Frameworks */ = {
			isa = PBXShellScriptBuildPhase;
			buildActionMask = 2147483647;
			files = (
			);
			inputPaths = (
				"${SRCROOT}/Pods/Target Support Files/Pods-Instagram/Pods-Instagram-frameworks.sh",
				"${BUILT_PRODUCTS_DIR}/Alamofire/Alamofire.framework",
				"${BUILT_PRODUCTS_DIR}/AlamofireImage/AlamofireImage.framework",
				"${BUILT_PRODUCTS_DIR}/Bolts/Bolts.framework",
				"${BUILT_PRODUCTS_DIR}/Parse/Parse.framework",
			);
			name = "[CP] Embed Pods Frameworks";
			outputPaths = (
				"${TARGET_BUILD_DIR}/${FRAMEWORKS_FOLDER_PATH}/Alamofire.framework",
				"${TARGET_BUILD_DIR}/${FRAMEWORKS_FOLDER_PATH}/AlamofireImage.framework",
				"${TARGET_BUILD_DIR}/${FRAMEWORKS_FOLDER_PATH}/Bolts.framework",
				"${TARGET_BUILD_DIR}/${FRAMEWORKS_FOLDER_PATH}/Parse.framework",
			);
			runOnlyForDeploymentPostprocessing = 0;
			shellPath = /bin/sh;
			shellScript = "\"${SRCROOT}/Pods/Target Support Files/Pods-Instagram/Pods-Instagram-frameworks.sh\"\n";
			showEnvVarsInLog = 0;
		};
		DD8EBE0D97C0AA85B6132F75 /* [CP] Check Pods Manifest.lock */ = {
			isa = PBXShellScriptBuildPhase;
			buildActionMask = 2147483647;
			files = (
			);
			inputPaths = (
				"${PODS_PODFILE_DIR_PATH}/Podfile.lock",
				"${PODS_ROOT}/Manifest.lock",
			);
			name = "[CP] Check Pods Manifest.lock";
			outputPaths = (
				"$(DERIVED_FILE_DIR)/Pods-Instagram-checkManifestLockResult.txt",
			);
			runOnlyForDeploymentPostprocessing = 0;
			shellPath = /bin/sh;
			shellScript = "diff \"${PODS_PODFILE_DIR_PATH}/Podfile.lock\" \"${PODS_ROOT}/Manifest.lock\" > /dev/null\nif [ $? != 0 ] ; then\n    # print error to STDERR\n    echo \"error: The sandbox is not in sync with the Podfile.lock. Run 'pod install' or update your CocoaPods installation.\" >&2\n    exit 1\nfi\n# This output is used by Xcode 'outputs' to avoid re-running this script phase.\necho \"SUCCESS\" > \"${SCRIPT_OUTPUT_FILE_0}\"\n";
			showEnvVarsInLog = 0;
		};
/* End PBXShellScriptBuildPhase section */

/* Begin PBXSourcesBuildPhase section */
		F323C0A2218A4F5900B2D936 /* Sources */ = {
			isa = PBXSourcesBuildPhase;
			buildActionMask = 2147483647;
			files = (
				F3741B03218B655500FAAE4E /* LoginViewController.swift in Sources */,
				F3E5D5AC2194F57B00528B6F /* Post.swift in Sources */,
				F3E5D5AF219B7D2800528B6F /* PostTableViewCell.swift in Sources */,
				F3741B0F218DE23400FAAE4E /* IGViewController.swift in Sources */,
				F323C0AA218A4F5900B2D936 /* AppDelegate.swift in Sources */,
				F33EEFA721A5BD6000C0AB7F /* HomeViewController.swift in Sources */,
			);
			runOnlyForDeploymentPostprocessing = 0;
		};
		F323C0B6218A4F6000B2D936 /* Sources */ = {
			isa = PBXSourcesBuildPhase;
			buildActionMask = 2147483647;
			files = (
				F323C0BF218A4F6000B2D936 /* InstagramTests.swift in Sources */,
			);
			runOnlyForDeploymentPostprocessing = 0;
		};
		F323C0C1218A4F6000B2D936 /* Sources */ = {
			isa = PBXSourcesBuildPhase;
			buildActionMask = 2147483647;
			files = (
				F323C0CA218A4F6000B2D936 /* InstagramUITests.swift in Sources */,
			);
			runOnlyForDeploymentPostprocessing = 0;
		};
/* End PBXSourcesBuildPhase section */

/* Begin PBXTargetDependency section */
		F323C0BC218A4F6000B2D936 /* PBXTargetDependency */ = {
			isa = PBXTargetDependency;
			target = F323C0A5218A4F5900B2D936 /* Instagram */;
			targetProxy = F323C0BB218A4F6000B2D936 /* PBXContainerItemProxy */;
		};
		F323C0C7218A4F6000B2D936 /* PBXTargetDependency */ = {
			isa = PBXTargetDependency;
			target = F323C0A5218A4F5900B2D936 /* Instagram */;
			targetProxy = F323C0C6218A4F6000B2D936 /* PBXContainerItemProxy */;
		};
/* End PBXTargetDependency section */

/* Begin PBXVariantGroup section */
		F323C0AD218A4F5900B2D936 /* Main.storyboard */ = {
			isa = PBXVariantGroup;
			children = (
				F323C0AE218A4F5900B2D936 /* Base */,
			);
			name = Main.storyboard;
			sourceTree = "<group>";
		};
		F323C0B2218A4F5900B2D936 /* LaunchScreen.storyboard */ = {
			isa = PBXVariantGroup;
			children = (
				F323C0B3218A4F5900B2D936 /* Base */,
			);
			name = LaunchScreen.storyboard;
			sourceTree = "<group>";
		};
/* End PBXVariantGroup section */

/* Begin XCBuildConfiguration section */
		F323C0CC218A4F6000B2D936 /* Debug */ = {
			isa = XCBuildConfiguration;
			buildSettings = {
				ALWAYS_SEARCH_USER_PATHS = NO;
				CLANG_ANALYZER_NONNULL = YES;
				CLANG_ANALYZER_NUMBER_OBJECT_CONVERSION = YES_AGGRESSIVE;
				CLANG_CXX_LANGUAGE_STANDARD = "gnu++14";
				CLANG_CXX_LIBRARY = "libc++";
				CLANG_ENABLE_MODULES = YES;
				CLANG_ENABLE_OBJC_ARC = YES;
				CLANG_WARN_BLOCK_CAPTURE_AUTORELEASING = YES;
				CLANG_WARN_BOOL_CONVERSION = YES;
				CLANG_WARN_COMMA = YES;
				CLANG_WARN_CONSTANT_CONVERSION = YES;
				CLANG_WARN_DIRECT_OBJC_ISA_USAGE = YES_ERROR;
				CLANG_WARN_DOCUMENTATION_COMMENTS = YES;
				CLANG_WARN_EMPTY_BODY = YES;
				CLANG_WARN_ENUM_CONVERSION = YES;
				CLANG_WARN_INFINITE_RECURSION = YES;
				CLANG_WARN_INT_CONVERSION = YES;
				CLANG_WARN_NON_LITERAL_NULL_CONVERSION = YES;
				CLANG_WARN_OBJC_LITERAL_CONVERSION = YES;
				CLANG_WARN_OBJC_ROOT_CLASS = YES_ERROR;
				CLANG_WARN_RANGE_LOOP_ANALYSIS = YES;
				CLANG_WARN_STRICT_PROTOTYPES = YES;
				CLANG_WARN_SUSPICIOUS_MOVE = YES;
				CLANG_WARN_UNGUARDED_AVAILABILITY = YES_AGGRESSIVE;
				CLANG_WARN_UNREACHABLE_CODE = YES;
				CLANG_WARN__DUPLICATE_METHOD_MATCH = YES;
				CODE_SIGN_IDENTITY = "iPhone Developer";
				COPY_PHASE_STRIP = NO;
				DEBUG_INFORMATION_FORMAT = dwarf;
				ENABLE_STRICT_OBJC_MSGSEND = YES;
				ENABLE_TESTABILITY = YES;
				GCC_C_LANGUAGE_STANDARD = gnu11;
				GCC_DYNAMIC_NO_PIC = NO;
				GCC_NO_COMMON_BLOCKS = YES;
				GCC_OPTIMIZATION_LEVEL = 0;
				GCC_PREPROCESSOR_DEFINITIONS = (
					"DEBUG=1",
					"$(inherited)",
				);
				GCC_WARN_64_TO_32_BIT_CONVERSION = YES;
				GCC_WARN_ABOUT_RETURN_TYPE = YES_ERROR;
				GCC_WARN_UNDECLARED_SELECTOR = YES;
				GCC_WARN_UNINITIALIZED_AUTOS = YES_AGGRESSIVE;
				GCC_WARN_UNUSED_FUNCTION = YES;
				GCC_WARN_UNUSED_VARIABLE = YES;
				IPHONEOS_DEPLOYMENT_TARGET = 11.1;
				MTL_ENABLE_DEBUG_INFO = YES;
				ONLY_ACTIVE_ARCH = YES;
				SDKROOT = iphoneos;
				SWIFT_ACTIVE_COMPILATION_CONDITIONS = DEBUG;
				SWIFT_OPTIMIZATION_LEVEL = "-Onone";
			};
			name = Debug;
		};
		F323C0CD218A4F6000B2D936 /* Release */ = {
			isa = XCBuildConfiguration;
			buildSettings = {
				ALWAYS_SEARCH_USER_PATHS = NO;
				CLANG_ANALYZER_NONNULL = YES;
				CLANG_ANALYZER_NUMBER_OBJECT_CONVERSION = YES_AGGRESSIVE;
				CLANG_CXX_LANGUAGE_STANDARD = "gnu++14";
				CLANG_CXX_LIBRARY = "libc++";
				CLANG_ENABLE_MODULES = YES;
				CLANG_ENABLE_OBJC_ARC = YES;
				CLANG_WARN_BLOCK_CAPTURE_AUTORELEASING = YES;
				CLANG_WARN_BOOL_CONVERSION = YES;
				CLANG_WARN_COMMA = YES;
				CLANG_WARN_CONSTANT_CONVERSION = YES;
				CLANG_WARN_DIRECT_OBJC_ISA_USAGE = YES_ERROR;
				CLANG_WARN_DOCUMENTATION_COMMENTS = YES;
				CLANG_WARN_EMPTY_BODY = YES;
				CLANG_WARN_ENUM_CONVERSION = YES;
				CLANG_WARN_INFINITE_RECURSION = YES;
				CLANG_WARN_INT_CONVERSION = YES;
				CLANG_WARN_NON_LITERAL_NULL_CONVERSION = YES;
				CLANG_WARN_OBJC_LITERAL_CONVERSION = YES;
				CLANG_WARN_OBJC_ROOT_CLASS = YES_ERROR;
				CLANG_WARN_RANGE_LOOP_ANALYSIS = YES;
				CLANG_WARN_STRICT_PROTOTYPES = YES;
				CLANG_WARN_SUSPICIOUS_MOVE = YES;
				CLANG_WARN_UNGUARDED_AVAILABILITY = YES_AGGRESSIVE;
				CLANG_WARN_UNREACHABLE_CODE = YES;
				CLANG_WARN__DUPLICATE_METHOD_MATCH = YES;
				CODE_SIGN_IDENTITY = "iPhone Developer";
				COPY_PHASE_STRIP = NO;
				DEBUG_INFORMATION_FORMAT = "dwarf-with-dsym";
				ENABLE_NS_ASSERTIONS = NO;
				ENABLE_STRICT_OBJC_MSGSEND = YES;
				GCC_C_LANGUAGE_STANDARD = gnu11;
				GCC_NO_COMMON_BLOCKS = YES;
				GCC_WARN_64_TO_32_BIT_CONVERSION = YES;
				GCC_WARN_ABOUT_RETURN_TYPE = YES_ERROR;
				GCC_WARN_UNDECLARED_SELECTOR = YES;
				GCC_WARN_UNINITIALIZED_AUTOS = YES_AGGRESSIVE;
				GCC_WARN_UNUSED_FUNCTION = YES;
				GCC_WARN_UNUSED_VARIABLE = YES;
				IPHONEOS_DEPLOYMENT_TARGET = 11.1;
				MTL_ENABLE_DEBUG_INFO = NO;
				SDKROOT = iphoneos;
				SWIFT_OPTIMIZATION_LEVEL = "-Owholemodule";
				VALIDATE_PRODUCT = YES;
			};
			name = Release;
		};
		F323C0CF218A4F6000B2D936 /* Debug */ = {
			isa = XCBuildConfiguration;
			baseConfigurationReference = 6E5FAC8F46B2B8198EC91368 /* Pods-Instagram.debug.xcconfig */;
			buildSettings = {
				ASSETCATALOG_COMPILER_APPICON_NAME = AppIcon;
				CODE_SIGN_STYLE = Automatic;
				DEVELOPMENT_TEAM = ALT9G5BXA2;
				INFOPLIST_FILE = Instagram/Info.plist;
				LD_RUNPATH_SEARCH_PATHS = "$(inherited) @executable_path/Frameworks";
				PRODUCT_BUNDLE_IDENTIFIER = com.codepath.ht.Instagram;
				PRODUCT_NAME = "$(TARGET_NAME)";
				SWIFT_VERSION = 4.0;
				TARGETED_DEVICE_FAMILY = "1,2";
			};
			name = Debug;
		};
		F323C0D0218A4F6000B2D936 /* Release */ = {
			isa = XCBuildConfiguration;
			baseConfigurationReference = 495B6D5D81CC26B5A9DD7893 /* Pods-Instagram.release.xcconfig */;
			buildSettings = {
				ASSETCATALOG_COMPILER_APPICON_NAME = AppIcon;
				CODE_SIGN_STYLE = Automatic;
				DEVELOPMENT_TEAM = ALT9G5BXA2;
				INFOPLIST_FILE = Instagram/Info.plist;
				LD_RUNPATH_SEARCH_PATHS = "$(inherited) @executable_path/Frameworks";
				PRODUCT_BUNDLE_IDENTIFIER = com.codepath.ht.Instagram;
				PRODUCT_NAME = "$(TARGET_NAME)";
				SWIFT_VERSION = 4.0;
				TARGETED_DEVICE_FAMILY = "1,2";
			};
			name = Release;
		};
		F323C0D2218A4F6000B2D936 /* Debug */ = {
			isa = XCBuildConfiguration;
			baseConfigurationReference = 47BAD7A5F4678F2B393DEEE9 /* Pods-InstagramTests.debug.xcconfig */;
			buildSettings = {
				ALWAYS_EMBED_SWIFT_STANDARD_LIBRARIES = YES;
				BUNDLE_LOADER = "$(TEST_HOST)";
				CODE_SIGN_STYLE = Automatic;
				DEVELOPMENT_TEAM = ALT9G5BXA2;
				INFOPLIST_FILE = InstagramTests/Info.plist;
				LD_RUNPATH_SEARCH_PATHS = "$(inherited) @executable_path/Frameworks @loader_path/Frameworks";
				PRODUCT_BUNDLE_IDENTIFIER = com.codepath.ht.InstagramTests;
				PRODUCT_NAME = "$(TARGET_NAME)";
				SWIFT_VERSION = 4.0;
				TARGETED_DEVICE_FAMILY = "1,2";
				TEST_HOST = "$(BUILT_PRODUCTS_DIR)/Instagram.app/Instagram";
			};
			name = Debug;
		};
		F323C0D3218A4F6000B2D936 /* Release */ = {
			isa = XCBuildConfiguration;
			baseConfigurationReference = C3A09B30861CE14552A8896C /* Pods-InstagramTests.release.xcconfig */;
			buildSettings = {
				ALWAYS_EMBED_SWIFT_STANDARD_LIBRARIES = YES;
				BUNDLE_LOADER = "$(TEST_HOST)";
				CODE_SIGN_STYLE = Automatic;
				DEVELOPMENT_TEAM = ALT9G5BXA2;
				INFOPLIST_FILE = InstagramTests/Info.plist;
				LD_RUNPATH_SEARCH_PATHS = "$(inherited) @executable_path/Frameworks @loader_path/Frameworks";
				PRODUCT_BUNDLE_IDENTIFIER = com.codepath.ht.InstagramTests;
				PRODUCT_NAME = "$(TARGET_NAME)";
				SWIFT_VERSION = 4.0;
				TARGETED_DEVICE_FAMILY = "1,2";
				TEST_HOST = "$(BUILT_PRODUCTS_DIR)/Instagram.app/Instagram";
			};
			name = Release;
		};
		F323C0D5218A4F6000B2D936 /* Debug */ = {
			isa = XCBuildConfiguration;
			baseConfigurationReference = B473208811543EF32609E4FC /* Pods-InstagramUITests.debug.xcconfig */;
			buildSettings = {
				ALWAYS_EMBED_SWIFT_STANDARD_LIBRARIES = YES;
				CODE_SIGN_STYLE = Automatic;
				DEVELOPMENT_TEAM = ALT9G5BXA2;
				INFOPLIST_FILE = InstagramUITests/Info.plist;
				LD_RUNPATH_SEARCH_PATHS = "$(inherited) @executable_path/Frameworks @loader_path/Frameworks";
				PRODUCT_BUNDLE_IDENTIFIER = com.codepath.ht.InstagramUITests;
				PRODUCT_NAME = "$(TARGET_NAME)";
				SWIFT_VERSION = 4.0;
				TARGETED_DEVICE_FAMILY = "1,2";
				TEST_TARGET_NAME = Instagram;
			};
			name = Debug;
		};
		F323C0D6218A4F6000B2D936 /* Release */ = {
			isa = XCBuildConfiguration;
			baseConfigurationReference = 40AC43EA6DDDF5DC8504B12E /* Pods-InstagramUITests.release.xcconfig */;
			buildSettings = {
				ALWAYS_EMBED_SWIFT_STANDARD_LIBRARIES = YES;
				CODE_SIGN_STYLE = Automatic;
				DEVELOPMENT_TEAM = ALT9G5BXA2;
				INFOPLIST_FILE = InstagramUITests/Info.plist;
				LD_RUNPATH_SEARCH_PATHS = "$(inherited) @executable_path/Frameworks @loader_path/Frameworks";
				PRODUCT_BUNDLE_IDENTIFIER = com.codepath.ht.InstagramUITests;
				PRODUCT_NAME = "$(TARGET_NAME)";
				SWIFT_VERSION = 4.0;
				TARGETED_DEVICE_FAMILY = "1,2";
				TEST_TARGET_NAME = Instagram;
			};
			name = Release;
		};
/* End XCBuildConfiguration section */

/* Begin XCConfigurationList section */
		F323C0A1218A4F5900B2D936 /* Build configuration list for PBXProject "Instagram" */ = {
			isa = XCConfigurationList;
			buildConfigurations = (
				F323C0CC218A4F6000B2D936 /* Debug */,
				F323C0CD218A4F6000B2D936 /* Release */,
			);
			defaultConfigurationIsVisible = 0;
			defaultConfigurationName = Release;
		};
		F323C0CE218A4F6000B2D936 /* Build configuration list for PBXNativeTarget "Instagram" */ = {
			isa = XCConfigurationList;
			buildConfigurations = (
				F323C0CF218A4F6000B2D936 /* Debug */,
				F323C0D0218A4F6000B2D936 /* Release */,
			);
			defaultConfigurationIsVisible = 0;
			defaultConfigurationName = Release;
		};
		F323C0D1218A4F6000B2D936 /* Build configuration list for PBXNativeTarget "InstagramTests" */ = {
			isa = XCConfigurationList;
			buildConfigurations = (
				F323C0D2218A4F6000B2D936 /* Debug */,
				F323C0D3218A4F6000B2D936 /* Release */,
			);
			defaultConfigurationIsVisible = 0;
			defaultConfigurationName = Release;
		};
		F323C0D4218A4F6000B2D936 /* Build configuration list for PBXNativeTarget "InstagramUITests" */ = {
			isa = XCConfigurationList;
			buildConfigurations = (
				F323C0D5218A4F6000B2D936 /* Debug */,
				F323C0D6218A4F6000B2D936 /* Release */,
			);
			defaultConfigurationIsVisible = 0;
			defaultConfigurationName = Release;
		};
/* End XCConfigurationList section */
	};
	rootObject = F323C09E218A4F5900B2D936 /* Project object */;
}
